
Microsoft Visual Studio Solution File, Format Version 12.00
# Visual Studio 15
Project("{FAE04EC0-301F-11D3-BF4B-00C04F79EFBC}") = "Forest Game", "Assembly-CSharp.csproj", "{D93F60DD-0943-4950-DABB-15632D550582}"
EndProject
Global
	GlobalSection(SolutionConfigurationPlatforms) = preSolution
		Debug|Any CPU = Debug|Any CPU
		Release|Any CPU = Release|Any CPU
	EndGlobalSection
	GlobalSection(ProjectConfigurationPlatforms) = postSolution
		{D93F60DD-0943-4950-DABB-15632D550582}.Debug|Any CPU.ActiveCfg = Debug|Any CPU
		{D93F60DD-0943-4950-DABB-15632D550582}.Debug|Any CPU.Build.0 = Debug|Any CPU
		{D93F60DD-0943-4950-DABB-15632D550582}.Release|Any CPU.ActiveCfg = Release|Any CPU
		{D93F60DD-0943-4950-DABB-15632D550582}.Release|Any CPU.Build.0 = Release|Any CPU
	EndGlobalSection
	GlobalSection(SolutionProperties) = preSolution
		HideSolutionNode = FALSE
	EndGlobalSection
EndGlobal
